{
  "name": "bug-redux-toolkit-beta",
  "version": "1.0.0",
  "lockfileVersion": 1,
  "requires": true,
  "dependencies": {
    "@reduxjs/toolkit": {
      "version": "2.0.0-beta.4",
      "resolved": "https://registry.npmjs.org/@reduxjs/toolkit/-/toolkit-2.0.0-beta.4.tgz",
      "integrity": "sha512-Bh53FuSfh0eeXIBzoWkB6XdBt61Pxk3xHsUmzcz4aMr5l3Tu1YcPx0KxRJqKJUnTU/I9k92536cv7d4CGU/oOg==",
      "requires": {
        "immer": "^10.0.2",
        "redux": "^5.0.0-beta.0",
        "redux-thunk": "^3.0.0-beta.0",
        "reselect": "^5.0.0-beta.0"
      }
    },
    "immer": {
      "version": "10.0.3",
      "resolved": "https://registry.npmjs.org/immer/-/immer-10.0.3.tgz",
      "integrity": "sha512-pwupu3eWfouuaowscykeckFmVTpqbzW+rXFCX8rQLkZzM9ftBmU/++Ra+o+L27mz03zJTlyV4UUr+fdKNffo4A=="
    },
    "redux": {
      "version": "5.0.0-beta.0",
      "resolved": "https://registry.npmjs.org/redux/-/redux-5.0.0-beta.0.tgz",
      "integrity": "sha512-RHSGHIiJ+1nkuve0daeveubiEdloy+DkYkP63uHk2FHpP18kb5umytsPU8TY8Lw8sLjL1eFg0DD5yf99ry/JhA=="
    },
    "redux-thunk": {
      "version": "3.0.0-beta.0",
      "resolved": "https://registry.npmjs.org/redux-thunk/-/redux-thunk-3.0.0-beta.0.tgz",
      "integrity": "sha512-BLed4FtBhPv52AgqeR7DiOhrDA8z6owqXOkObOqgl1kwq4QQ1T74dy32qxyWsdyAlvq9wAHHW6t4tlxz8XnFhA=="
    },
    "reselect": {
      "version": "5.0.0-beta.0",
      "resolved": "https://registry.npmjs.org/reselect/-/reselect-5.0.0-beta.0.tgz",
      "integrity": "sha512-q9cwinGYNn3xNtyknjmNZQvH6FYdxS0tqUin1MIrtMLt1QB17FFz/C2WhlPgYBYuKJe9K/+bTKALuYXn+Elp1g=="
    },
    "typescript": {
      "version": "5.0.2",
      "resolved": "https://registry.npmjs.org/typescript/-/typescript-5.0.2.tgz",
      "integrity": "sha512-wVORMBGO/FAs/++blGNeAVdbNKtIh1rbBL2EyQ1+J9lClJ93KiiKe8PmFIVdXhHcyv44SL9oglmfeSsndo0jRw==",
      "dev": true
    }
  }
}
